// !$*UTF8*$!
{
	archiveVersion = 1;
	classes = {
	};
	objectVersion = 77;
	objects = {

/* Begin PBXBuildFile section */
		2052130A2DE9EB9D009E5FA7 /* RealmSwift in Frameworks */ = {isa = PBXBuildFile; productRef = 205213092DE9EB9D009E5FA7 /* RealmSwift */; };
		2052130B2DE9EB9D009E5FA7 /* RealmSwift in Embed Frameworks */ = {isa = PBXBuildFile; productRef = 205213092DE9EB9D009E5FA7 /* RealmSwift */; settings = {ATTRIBUTES = (CodeSignOnCopy, ); }; };
		207810B52DFCE49C0086123C /* WidgetKit.framework in Frameworks */ = {isa = PBXBuildFile; fileRef = 207810B42DFCE49C0086123C /* WidgetKit.framework */; };
		207810B72DFCE49C0086123C /* SwiftUI.framework in Frameworks */ = {isa = PBXBuildFile; fileRef = 207810B62DFCE49C0086123C /* SwiftUI.framework */; };
		207810C82DFCE49D0086123C /* NYTimesWidgetExtension.appex in Embed Foundation Extensions */ = {isa = PBXBuildFile; fileRef = 207810B32DFCE49C0086123C /* NYTimesWidgetExtension.appex */; settings = {ATTRIBUTES = (RemoveHeadersOnCopy, ); }; };
		207810D32DFCF1560086123C /* RealmSwift in Frameworks */ = {isa = PBXBuildFile; productRef = 207810D22DFCF1560086123C /* RealmSwift */; };
		207810D42DFCF1560086123C /* RealmSwift in Embed Frameworks */ = {isa = PBXBuildFile; productRef = 207810D22DFCF1560086123C /* RealmSwift */; settings = {ATTRIBUTES = (CodeSignOnCopy, ); }; };
/* End PBXBuildFile section */

/* Begin PBXContainerItemProxy section */
		205212A92DE7A568009E5FA7 /* PBXContainerItemProxy */ = {
			isa = PBXContainerItemProxy;
			containerPortal = 205212922DE7A567009E5FA7 /* Project object */;
			proxyType = 1;
			remoteGlobalIDString = 205212992DE7A567009E5FA7;
			remoteInfo = NYTimes;
		};
		205212B32DE7A568009E5FA7 /* PBXContainerItemProxy */ = {
			isa = PBXContainerItemProxy;
			containerPortal = 205212922DE7A567009E5FA7 /* Project object */;
			proxyType = 1;
			remoteGlobalIDString = 205212992DE7A567009E5FA7;
			remoteInfo = NYTimes;
		};
		207810C62DFCE49D0086123C /* PBXContainerItemProxy */ = {
			isa = PBXContainerItemProxy;
			containerPortal = 205212922DE7A567009E5FA7 /* Project object */;
			proxyType = 1;
			remoteGlobalIDString = 207810B22DFCE49C0086123C;
			remoteInfo = NYTimesWidgetExtension;
		};
/* End PBXContainerItemProxy section */

/* Begin PBXCopyFilesBuildPhase section */
		205213082DE9EB99009E5FA7 /* Embed Frameworks */ = {
			isa = PBXCopyFilesBuildPhase;
			buildActionMask = 2147483647;
			dstPath = "";
			dstSubfolderSpec = 10;
			files = (
				2052130B2DE9EB9D009E5FA7 /* RealmSwift in Embed Frameworks */,
			);
			name = "Embed Frameworks";
			runOnlyForDeploymentPostprocessing = 0;
		};
		207810C92DFCE49D0086123C /* Embed Foundation Extensions */ = {
			isa = PBXCopyFilesBuildPhase;
			buildActionMask = 2147483647;
			dstPath = "";
			dstSubfolderSpec = 13;
			files = (
				207810C82DFCE49D0086123C /* NYTimesWidgetExtension.appex in Embed Foundation Extensions */,
			);
			name = "Embed Foundation Extensions";
			runOnlyForDeploymentPostprocessing = 0;
		};
		207810D52DFCF1560086123C /* Embed Frameworks */ = {
			isa = PBXCopyFilesBuildPhase;
			buildActionMask = 2147483647;
			dstPath = "";
			dstSubfolderSpec = 10;
			files = (
				207810D42DFCF1560086123C /* RealmSwift in Embed Frameworks */,
			);
			name = "Embed Frameworks";
			runOnlyForDeploymentPostprocessing = 0;
		};
/* End PBXCopyFilesBuildPhase section */

/* Begin PBXFileReference section */
		2052129A2DE7A567009E5FA7 /* NYTimes.app */ = {isa = PBXFileReference; explicitFileType = wrapper.application; includeInIndex = 0; path = NYTimes.app; sourceTree = BUILT_PRODUCTS_DIR; };
		205212A82DE7A568009E5FA7 /* NYTimesTests.xctest */ = {isa = PBXFileReference; explicitFileType = wrapper.cfbundle; includeInIndex = 0; path = NYTimesTests.xctest; sourceTree = BUILT_PRODUCTS_DIR; };
		205212B22DE7A568009E5FA7 /* NYTimesUITests.xctest */ = {isa = PBXFileReference; explicitFileType = wrapper.cfbundle; includeInIndex = 0; path = NYTimesUITests.xctest; sourceTree = BUILT_PRODUCTS_DIR; };
		207810B32DFCE49C0086123C /* NYTimesWidgetExtension.appex */ = {isa = PBXFileReference; explicitFileType = "wrapper.app-extension"; includeInIndex = 0; path = NYTimesWidgetExtension.appex; sourceTree = BUILT_PRODUCTS_DIR; };
		207810B42DFCE49C0086123C /* WidgetKit.framework */ = {isa = PBXFileReference; lastKnownFileType = wrapper.framework; name = WidgetKit.framework; path = System/Library/Frameworks/WidgetKit.framework; sourceTree = SDKROOT; };
		207810B62DFCE49C0086123C /* SwiftUI.framework */ = {isa = PBXFileReference; lastKnownFileType = wrapper.framework; name = SwiftUI.framework; path = System/Library/Frameworks/SwiftUI.framework; sourceTree = SDKROOT; };
		207810CE2DFCEDD10086123C /* NYTimesWidgetExtension.entitlements */ = {isa = PBXFileReference; lastKnownFileType = text.plist.entitlements; path = NYTimesWidgetExtension.entitlements; sourceTree = "<group>"; };
		20A07AA92DEB0BC500E8F496 /* Info.plist */ = {isa = PBXFileReference; lastKnownFileType = text.plist.xml; path = Info.plist; sourceTree = "<group>"; };
/* End PBXFileReference section */

/* Begin PBXFileSystemSynchronizedBuildFileExceptionSet section */
		207810382DF3706F0086123C /* Exceptions for "NYTimesTests" folder in "NYTimes" target */ = {
			isa = PBXFileSystemSynchronizedBuildFileExceptionSet;
			membershipExceptions = (
				Mock/mostViewed.json,
			);
			target = 205212992DE7A567009E5FA7 /* NYTimes */;
		};
		207810392DF3706F0086123C /* Exceptions for "NYTimesTests" folder in "NYTimesTests" target */ = {
			isa = PBXFileSystemSynchronizedBuildFileExceptionSet;
			membershipExceptions = (
				Mock/mostViewed.json,
			);
			target = 205212A72DE7A568009E5FA7 /* NYTimesTests */;
		};
		207810CD2DFCE49D0086123C /* Exceptions for "NYTimesWidget" folder in "NYTimesWidgetExtension" target */ = {
			isa = PBXFileSystemSynchronizedBuildFileExceptionSet;
			membershipExceptions = (
				Info.plist,
			);
			target = 207810B22DFCE49C0086123C /* NYTimesWidgetExtension */;
		};
		207810D02DFCEEA70086123C /* Exceptions for "NYTimes" folder in "NYTimesWidgetExtension" target */ = {
			isa = PBXFileSystemSynchronizedBuildFileExceptionSet;
			membershipExceptions = (
				Data/Persistence/ArticleObject.swift,
				Data/Persistence/ArticleObjectMapper.swift,
				Data/Persistence/ArticlesRealmManager.swift,
				Domain/Entity/ArticleEntity.swift,
				"Extensions/String+Extension.swift",
			);
			target = 207810B22DFCE49C0086123C /* NYTimesWidgetExtension */;
		};
/* End PBXFileSystemSynchronizedBuildFileExceptionSet section */

/* Begin PBXFileSystemSynchronizedRootGroup section */
		2052129C2DE7A567009E5FA7 /* NYTimes */ = {
			isa = PBXFileSystemSynchronizedRootGroup;
			exceptions = (
				207810D02DFCEEA70086123C /* Exceptions for "NYTimes" folder in "NYTimesWidgetExtension" target */,
			);
			path = NYTimes;
			sourceTree = "<group>";
		};
		205212AB2DE7A568009E5FA7 /* NYTimesTests */ = {
			isa = PBXFileSystemSynchronizedRootGroup;
			exceptions = (
				207810382DF3706F0086123C /* Exceptions for "NYTimesTests" folder in "NYTimes" target */,
				207810392DF3706F0086123C /* Exceptions for "NYTimesTests" folder in "NYTimesTests" target */,
			);
			path = NYTimesTests;
			sourceTree = "<group>";
		};
		205212B52DE7A568009E5FA7 /* NYTimesUITests */ = {
			isa = PBXFileSystemSynchronizedRootGroup;
			path = NYTimesUITests;
			sourceTree = "<group>";
		};
		207810B82DFCE49C0086123C /* NYTimesWidget */ = {
			isa = PBXFileSystemSynchronizedRootGroup;
			exceptions = (
				207810CD2DFCE49D0086123C /* Exceptions for "NYTimesWidget" folder in "NYTimesWidgetExtension" target */,
			);
			path = NYTimesWidget;
			sourceTree = "<group>";
		};
/* End PBXFileSystemSynchronizedRootGroup section */

/* Begin PBXFrameworksBuildPhase section */
		205212972DE7A567009E5FA7 /* Frameworks */ = {
			isa = PBXFrameworksBuildPhase;
			buildActionMask = 2147483647;
			files = (
				2052130A2DE9EB9D009E5FA7 /* RealmSwift in Frameworks */,
			);
			runOnlyForDeploymentPostprocessing = 0;
		};
		205212A52DE7A568009E5FA7 /* Frameworks */ = {
			isa = PBXFrameworksBuildPhase;
			buildActionMask = 2147483647;
			files = (
			);
			runOnlyForDeploymentPostprocessing = 0;
		};
		205212AF2DE7A568009E5FA7 /* Frameworks */ = {
			isa = PBXFrameworksBuildPhase;
			buildActionMask = 2147483647;
			files = (
			);
			runOnlyForDeploymentPostprocessing = 0;
		};
		207810B02DFCE49C0086123C /* Frameworks */ = {
			isa = PBXFrameworksBuildPhase;
			buildActionMask = 2147483647;
			files = (
				207810D32DFCF1560086123C /* RealmSwift in Frameworks */,
				207810B72DFCE49C0086123C /* SwiftUI.framework in Frameworks */,
				207810B52DFCE49C0086123C /* WidgetKit.framework in Frameworks */,
			);
			runOnlyForDeploymentPostprocessing = 0;
		};
/* End PBXFrameworksBuildPhase section */

/* Begin PBXGroup section */
		205212912DE7A567009E5FA7 = {
			isa = PBXGroup;
			children = (
				207810CE2DFCEDD10086123C /* NYTimesWidgetExtension.entitlements */,
				20A07AA92DEB0BC500E8F496 /* Info.plist */,
				2052129C2DE7A567009E5FA7 /* NYTimes */,
				205212AB2DE7A568009E5FA7 /* NYTimesTests */,
				205212B52DE7A568009E5FA7 /* NYTimesUITests */,
				207810B82DFCE49C0086123C /* NYTimesWidget */,
				205213042DE9EB99009E5FA7 /* Frameworks */,
				2052129B2DE7A567009E5FA7 /* Products */,
			);
			sourceTree = "<group>";
		};
		2052129B2DE7A567009E5FA7 /* Products */ = {
			isa = PBXGroup;
			children = (
				2052129A2DE7A567009E5FA7 /* NYTimes.app */,
				205212A82DE7A568009E5FA7 /* NYTimesTests.xctest */,
				205212B22DE7A568009E5FA7 /* NYTimesUITests.xctest */,
				207810B32DFCE49C0086123C /* NYTimesWidgetExtension.appex */,
			);
			name = Products;
			sourceTree = "<group>";
		};
		205213042DE9EB99009E5FA7 /* Frameworks */ = {
			isa = PBXGroup;
			children = (
				207810B42DFCE49C0086123C /* WidgetKit.framework */,
				207810B62DFCE49C0086123C /* SwiftUI.framework */,
			);
			name = Frameworks;
			sourceTree = "<group>";
		};
/* End PBXGroup section */

/* Begin PBXNativeTarget section */
		205212992DE7A567009E5FA7 /* NYTimes */ = {
			isa = PBXNativeTarget;
			buildConfigurationList = 205212BC2DE7A568009E5FA7 /* Build configuration list for PBXNativeTarget "NYTimes" */;
			buildPhases = (
				205212962DE7A567009E5FA7 /* Sources */,
				205212972DE7A567009E5FA7 /* Frameworks */,
				205212982DE7A567009E5FA7 /* Resources */,
				205213082DE9EB99009E5FA7 /* Embed Frameworks */,
				207810C92DFCE49D0086123C /* Embed Foundation Extensions */,
			);
			buildRules = (
			);
			dependencies = (
				207810C72DFCE49D0086123C /* PBXTargetDependency */,
			);
			fileSystemSynchronizedGroups = (
				2052129C2DE7A567009E5FA7 /* NYTimes */,
			);
			name = NYTimes;
			packageProductDependencies = (
				205213092DE9EB9D009E5FA7 /* RealmSwift */,
			);
			productName = NYTimes;
			productReference = 2052129A2DE7A567009E5FA7 /* NYTimes.app */;
			productType = "com.apple.product-type.application";
		};
		205212A72DE7A568009E5FA7 /* NYTimesTests */ = {
			isa = PBXNativeTarget;
			buildConfigurationList = 205212BF2DE7A568009E5FA7 /* Build configuration list for PBXNativeTarget "NYTimesTests" */;
			buildPhases = (
				205212A42DE7A568009E5FA7 /* Sources */,
				205212A52DE7A568009E5FA7 /* Frameworks */,
				205212A62DE7A568009E5FA7 /* Resources */,
			);
			buildRules = (
			);
			dependencies = (
				205212AA2DE7A568009E5FA7 /* PBXTargetDependency */,
			);
			fileSystemSynchronizedGroups = (
				205212AB2DE7A568009E5FA7 /* NYTimesTests */,
			);
			name = NYTimesTests;
			packageProductDependencies = (
			);
			productName = NYTimesTests;
			productReference = 205212A82DE7A568009E5FA7 /* NYTimesTests.xctest */;
			productType = "com.apple.product-type.bundle.unit-test";
		};
		205212B12DE7A568009E5FA7 /* NYTimesUITests */ = {
			isa = PBXNativeTarget;
			buildConfigurationList = 205212C22DE7A568009E5FA7 /* Build configuration list for PBXNativeTarget "NYTimesUITests" */;
			buildPhases = (
				205212AE2DE7A568009E5FA7 /* Sources */,
				205212AF2DE7A568009E5FA7 /* Frameworks */,
				205212B02DE7A568009E5FA7 /* Resources */,
			);
			buildRules = (
			);
			dependencies = (
				205212B42DE7A568009E5FA7 /* PBXTargetDependency */,
			);
			fileSystemSynchronizedGroups = (
				205212B52DE7A568009E5FA7 /* NYTimesUITests */,
			);
			name = NYTimesUITests;
			packageProductDependencies = (
			);
			productName = NYTimesUITests;
			productReference = 205212B22DE7A568009E5FA7 /* NYTimesUITests.xctest */;
			productType = "com.apple.product-type.bundle.ui-testing";
		};
		207810B22DFCE49C0086123C /* NYTimesWidgetExtension */ = {
			isa = PBXNativeTarget;
			buildConfigurationList = 207810CC2DFCE49D0086123C /* Build configuration list for PBXNativeTarget "NYTimesWidgetExtension" */;
			buildPhases = (
				207810AF2DFCE49C0086123C /* Sources */,
				207810B02DFCE49C0086123C /* Frameworks */,
				207810B12DFCE49C0086123C /* Resources */,
				207810D52DFCF1560086123C /* Embed Frameworks */,
			);
			buildRules = (
			);
			dependencies = (
			);
			fileSystemSynchronizedGroups = (
				207810B82DFCE49C0086123C /* NYTimesWidget */,
			);
			name = NYTimesWidgetExtension;
			packageProductDependencies = (
				207810D22DFCF1560086123C /* RealmSwift */,
			);
			productName = NYTimesWidgetExtension;
			productReference = 207810B32DFCE49C0086123C /* NYTimesWidgetExtension.appex */;
			productType = "com.apple.product-type.app-extension";
		};
/* End PBXNativeTarget section */

/* Begin PBXProject section */
		205212922DE7A567009E5FA7 /* Project object */ = {
			isa = PBXProject;
			attributes = {
				BuildIndependentTargetsInParallel = 1;
				LastSwiftUpdateCheck = 1630;
				LastUpgradeCheck = 1630;
				TargetAttributes = {
					205212992DE7A567009E5FA7 = {
						CreatedOnToolsVersion = 16.3;
					};
					205212A72DE7A568009E5FA7 = {
						CreatedOnToolsVersion = 16.3;
						TestTargetID = 205212992DE7A567009E5FA7;
					};
					205212B12DE7A568009E5FA7 = {
						CreatedOnToolsVersion = 16.3;
						TestTargetID = 205212992DE7A567009E5FA7;
					};
					207810B22DFCE49C0086123C = {
						CreatedOnToolsVersion = 16.3;
					};
				};
			};
			buildConfigurationList = 205212952DE7A567009E5FA7 /* Build configuration list for PBXProject "NYTimes" */;
			developmentRegion = en;
			hasScannedForEncodings = 0;
			knownRegions = (
				en,
				Base,
			);
			mainGroup = 205212912DE7A567009E5FA7;
			minimizedProjectReferenceProxies = 1;
			packageReferences = (
				205212FF2DE9EAF5009E5FA7 /* XCRemoteSwiftPackageReference "realm-swift" */,
			);
			preferredProjectObjectVersion = 77;
			productRefGroup = 2052129B2DE7A567009E5FA7 /* Products */;
			projectDirPath = "";
			projectRoot = "";
			targets = (
				205212992DE7A567009E5FA7 /* NYTimes */,
				205212A72DE7A568009E5FA7 /* NYTimesTests */,
				205212B12DE7A568009E5FA7 /* NYTimesUITests */,
				207810B22DFCE49C0086123C /* NYTimesWidgetExtension */,
			);
		};
/* End PBXProject section */

/* Begin PBXResourcesBuildPhase section */
		205212982DE7A567009E5FA7 /* Resources */ = {
			isa = PBXResourcesBuildPhase;
			buildActionMask = 2147483647;
			files = (
			);
			runOnlyForDeploymentPostprocessing = 0;
		};
		205212A62DE7A568009E5FA7 /* Resources */ = {
			isa = PBXResourcesBuildPhase;
			buildActionMask = 2147483647;
			files = (
			);
			runOnlyForDeploymentPostprocessing = 0;
		};
		205212B02DE7A568009E5FA7 /* Resources */ = {
			isa = PBXResourcesBuildPhase;
			buildActionMask = 2147483647;
			files = (
			);
			runOnlyForDeploymentPostprocessing = 0;
		};
		207810B12DFCE49C0086123C /* Resources */ = {
			isa = PBXResourcesBuildPhase;
			buildActionMask = 2147483647;
			files = (
			);
			runOnlyForDeploymentPostprocessing = 0;
		};
/* End PBXResourcesBuildPhase section */

/* Begin PBXSourcesBuildPhase section */
		205212962DE7A567009E5FA7 /* Sources */ = {
			isa = PBXSourcesBuildPhase;
			buildActionMask = 2147483647;
			files = (
			);
			runOnlyForDeploymentPostprocessing = 0;
		};
		205212A42DE7A568009E5FA7 /* Sources */ = {
			isa = PBXSourcesBuildPhase;
			buildActionMask = 2147483647;
			files = (
			);
			runOnlyForDeploymentPostprocessing = 0;
		};
		205212AE2DE7A568009E5FA7 /* Sources */ = {
			isa = PBXSourcesBuildPhase;
			buildActionMask = 2147483647;
			files = (
			);
			runOnlyForDeploymentPostprocessing = 0;
		};
		207810AF2DFCE49C0086123C /* Sources */ = {
			isa = PBXSourcesBuildPhase;
			buildActionMask = 2147483647;
			files = (
			);
			runOnlyForDeploymentPostprocessing = 0;
		};
/* End PBXSourcesBuildPhase section */

/* Begin PBXTargetDependency section */
		205212AA2DE7A568009E5FA7 /* PBXTargetDependency */ = {
			isa = PBXTargetDependency;
			target = 205212992DE7A567009E5FA7 /* NYTimes */;
			targetProxy = 205212A92DE7A568009E5FA7 /* PBXContainerItemProxy */;
		};
		205212B42DE7A568009E5FA7 /* PBXTargetDependency */ = {
			isa = PBXTargetDependency;
			target = 205212992DE7A567009E5FA7 /* NYTimes */;
			targetProxy = 205212B32DE7A568009E5FA7 /* PBXContainerItemProxy */;
		};
		207810C72DFCE49D0086123C /* PBXTargetDependency */ = {
			isa = PBXTargetDependency;
			target = 207810B22DFCE49C0086123C /* NYTimesWidgetExtension */;
			targetProxy = 207810C62DFCE49D0086123C /* PBXContainerItemProxy */;
		};
/* End PBXTargetDependency section */

/* Begin XCBuildConfiguration section */
		205212BA2DE7A568009E5FA7 /* Debug */ = {
			isa = XCBuildConfiguration;
			buildSettings = {
				ALWAYS_SEARCH_USER_PATHS = NO;
				ASSETCATALOG_COMPILER_GENERATE_SWIFT_ASSET_SYMBOL_EXTENSIONS = YES;
				CLANG_ANALYZER_NONNULL = YES;
				CLANG_ANALYZER_NUMBER_OBJECT_CONVERSION = YES_AGGRESSIVE;
				CLANG_CXX_LANGUAGE_STANDARD = "gnu++20";
				CLANG_ENABLE_MODULES = YES;
				CLANG_ENABLE_OBJC_ARC = YES;
				CLANG_ENABLE_OBJC_WEAK = YES;
				CLANG_WARN_BLOCK_CAPTURE_AUTORELEASING = YES;
				CLANG_WARN_BOOL_CONVERSION = YES;
				CLANG_WARN_COMMA = YES;
				CLANG_WARN_CONSTANT_CONVERSION = YES;
				CLANG_WARN_DEPRECATED_OBJC_IMPLEMENTATIONS = YES;
				CLANG_WARN_DIRECT_OBJC_ISA_USAGE = YES_ERROR;
				CLANG_WARN_DOCUMENTATION_COMMENTS = YES;
				CLANG_WARN_EMPTY_BODY = YES;
				CLANG_WARN_ENUM_CONVERSION = YES;
				CLANG_WARN_INFINITE_RECURSION = YES;
				CLANG_WARN_INT_CONVERSION = YES;
				CLANG_WARN_NON_LITERAL_NULL_CONVERSION = YES;
				CLANG_WARN_OBJC_IMPLICIT_RETAIN_SELF = YES;
				CLANG_WARN_OBJC_LITERAL_CONVERSION = YES;
				CLANG_WARN_OBJC_ROOT_CLASS = YES_ERROR;
				CLANG_WARN_QUOTED_INCLUDE_IN_FRAMEWORK_HEADER = YES;
				CLANG_WARN_RANGE_LOOP_ANALYSIS = YES;
				CLANG_WARN_STRICT_PROTOTYPES = YES;
				CLANG_WARN_SUSPICIOUS_MOVE = YES;
				CLANG_WARN_UNGUARDED_AVAILABILITY = YES_AGGRESSIVE;
				CLANG_WARN_UNREACHABLE_CODE = YES;
				CLANG_WARN__DUPLICATE_METHOD_MATCH = YES;
				COPY_PHASE_STRIP = NO;
				DEBUG_INFORMATION_FORMAT = dwarf;
				ENABLE_STRICT_OBJC_MSGSEND = YES;
				ENABLE_TESTABILITY = YES;
				ENABLE_USER_SCRIPT_SANDBOXING = YES;
				GCC_C_LANGUAGE_STANDARD = gnu17;
				GCC_DYNAMIC_NO_PIC = NO;
				GCC_NO_COMMON_BLOCKS = YES;
				GCC_OPTIMIZATION_LEVEL = 0;
				GCC_PREPROCESSOR_DEFINITIONS = (
					"DEBUG=1",
					"$(inherited)",
				);
				GCC_WARN_64_TO_32_BIT_CONVERSION = YES;
				GCC_WARN_ABOUT_RETURN_TYPE = YES_ERROR;
				GCC_WARN_UNDECLARED_SELECTOR = YES;
				GCC_WARN_UNINITIALIZED_AUTOS = YES_AGGRESSIVE;
				GCC_WARN_UNUSED_FUNCTION = YES;
				GCC_WARN_UNUSED_VARIABLE = YES;
				LOCALIZATION_PREFERS_STRING_CATALOGS = YES;
				MTL_ENABLE_DEBUG_INFO = INCLUDE_SOURCE;
				MTL_FAST_MATH = YES;
				ONLY_ACTIVE_ARCH = YES;
				SWIFT_ACTIVE_COMPILATION_CONDITIONS = "DEBUG $(inherited)";
				SWIFT_OPTIMIZATION_LEVEL = "-Onone";
			};
			name = Debug;
		};
		205212BB2DE7A568009E5FA7 /* Release */ = {
			isa = XCBuildConfiguration;
			buildSettings = {
				ALWAYS_SEARCH_USER_PATHS = NO;
				ASSETCATALOG_COMPILER_GENERATE_SWIFT_ASSET_SYMBOL_EXTENSIONS = YES;
				CLANG_ANALYZER_NONNULL = YES;
				CLANG_ANALYZER_NUMBER_OBJECT_CONVERSION = YES_AGGRESSIVE;
				CLANG_CXX_LANGUAGE_STANDARD = "gnu++20";
				CLANG_ENABLE_MODULES = YES;
				CLANG_ENABLE_OBJC_ARC = YES;
				CLANG_ENABLE_OBJC_WEAK = YES;
				CLANG_WARN_BLOCK_CAPTURE_AUTORELEASING = YES;
				CLANG_WARN_BOOL_CONVERSION = YES;
				CLANG_WARN_COMMA = YES;
				CLANG_WARN_CONSTANT_CONVERSION = YES;
				CLANG_WARN_DEPRECATED_OBJC_IMPLEMENTATIONS = YES;
				CLANG_WARN_DIRECT_OBJC_ISA_USAGE = YES_ERROR;
				CLANG_WARN_DOCUMENTATION_COMMENTS = YES;
				CLANG_WARN_EMPTY_BODY = YES;
				CLANG_WARN_ENUM_CONVERSION = YES;
				CLANG_WARN_INFINITE_RECURSION = YES;
				CLANG_WARN_INT_CONVERSION = YES;
				CLANG_WARN_NON_LITERAL_NULL_CONVERSION = YES;
				CLANG_WARN_OBJC_IMPLICIT_RETAIN_SELF = YES;
				CLANG_WARN_OBJC_LITERAL_CONVERSION = YES;
				CLANG_WARN_OBJC_ROOT_CLASS = YES_ERROR;
				CLANG_WARN_QUOTED_INCLUDE_IN_FRAMEWORK_HEADER = YES;
				CLANG_WARN_RANGE_LOOP_ANALYSIS = YES;
				CLANG_WARN_STRICT_PROTOTYPES = YES;
				CLANG_WARN_SUSPICIOUS_MOVE = YES;
				CLANG_WARN_UNGUARDED_AVAILABILITY = YES_AGGRESSIVE;
				CLANG_WARN_UNREACHABLE_CODE = YES;
				CLANG_WARN__DUPLICATE_METHOD_MATCH = YES;
				COPY_PHASE_STRIP = NO;
				DEBUG_INFORMATION_FORMAT = "dwarf-with-dsym";
				ENABLE_NS_ASSERTIONS = NO;
				ENABLE_STRICT_OBJC_MSGSEND = YES;
				ENABLE_USER_SCRIPT_SANDBOXING = YES;
				GCC_C_LANGUAGE_STANDARD = gnu17;
				GCC_NO_COMMON_BLOCKS = YES;
				GCC_WARN_64_TO_32_BIT_CONVERSION = YES;
				GCC_WARN_ABOUT_RETURN_TYPE = YES_ERROR;
				GCC_WARN_UNDECLARED_SELECTOR = YES;
				GCC_WARN_UNINITIALIZED_AUTOS = YES_AGGRESSIVE;
				GCC_WARN_UNUSED_FUNCTION = YES;
				GCC_WARN_UNUSED_VARIABLE = YES;
				LOCALIZATION_PREFERS_STRING_CATALOGS = YES;
				MTL_ENABLE_DEBUG_INFO = NO;
				MTL_FAST_MATH = YES;
				SWIFT_COMPILATION_MODE = wholemodule;
			};
			name = Release;
		};
		205212BD2DE7A568009E5FA7 /* Debug */ = {
			isa = XCBuildConfiguration;
			buildSettings = {
				ASSETCATALOG_COMPILER_APPICON_NAME = AppIcon;
				ASSETCATALOG_COMPILER_GLOBAL_ACCENT_COLOR_NAME = AccentColor;
				CODE_SIGN_ENTITLEMENTS = NYTimes/NYTimes.entitlements;
				CODE_SIGN_STYLE = Automatic;
				CURRENT_PROJECT_VERSION = 1;
				DEVELOPMENT_TEAM = PBKV4LY323;
				ENABLE_PREVIEWS = YES;
				GENERATE_INFOPLIST_FILE = YES;
				INFOPLIST_FILE = "$(SRCROOT)/Info.plist";
				INFOPLIST_KEY_CFBundleDisplayName = News;
				"INFOPLIST_KEY_UIApplicationSceneManifest_Generation[sdk=iphoneos*]" = YES;
				"INFOPLIST_KEY_UIApplicationSceneManifest_Generation[sdk=iphonesimulator*]" = YES;
				"INFOPLIST_KEY_UIApplicationSupportsIndirectInputEvents[sdk=iphoneos*]" = YES;
				"INFOPLIST_KEY_UIApplicationSupportsIndirectInputEvents[sdk=iphonesimulator*]" = YES;
				"INFOPLIST_KEY_UILaunchScreen_Generation[sdk=iphoneos*]" = YES;
				"INFOPLIST_KEY_UILaunchScreen_Generation[sdk=iphonesimulator*]" = YES;
				"INFOPLIST_KEY_UIStatusBarStyle[sdk=iphoneos*]" = UIStatusBarStyleDefault;
				"INFOPLIST_KEY_UIStatusBarStyle[sdk=iphonesimulator*]" = UIStatusBarStyleDefault;
				INFOPLIST_KEY_UISupportedInterfaceOrientations_iPad = "UIInterfaceOrientationPortrait UIInterfaceOrientationPortraitUpsideDown UIInterfaceOrientationLandscapeLeft UIInterfaceOrientationLandscapeRight";
				INFOPLIST_KEY_UISupportedInterfaceOrientations_iPhone = "UIInterfaceOrientationPortrait UIInterfaceOrientationLandscapeLeft UIInterfaceOrientationLandscapeRight";
				IPHONEOS_DEPLOYMENT_TARGET = 17.6;
				LD_RUNPATH_SEARCH_PATHS = "@executable_path/Frameworks";
				"LD_RUNPATH_SEARCH_PATHS[sdk=macosx*]" = "@executable_path/../Frameworks";
				MACOSX_DEPLOYMENT_TARGET = 15.3;
				MARKETING_VERSION = 1.0;
				PRODUCT_BUNDLE_IDENTIFIER = NYTimes.NYTimes;
				PRODUCT_NAME = "$(TARGET_NAME)";
				REGISTER_APP_GROUPS = YES;
				SDKROOT = auto;
				SUPPORTED_PLATFORMS = "iphoneos iphonesimulator macosx xros xrsimulator";
				SWIFT_EMIT_LOC_STRINGS = YES;
				SWIFT_VERSION = 5.0;
				TARGETED_DEVICE_FAMILY = "1,2,7";
				XROS_DEPLOYMENT_TARGET = 2.4;
			};
			name = Debug;
		};
		205212BE2DE7A568009E5FA7 /* Release */ = {
			isa = XCBuildConfiguration;
			buildSettings = {
				ASSETCATALOG_COMPILER_APPICON_NAME = AppIcon;
				ASSETCATALOG_COMPILER_GLOBAL_ACCENT_COLOR_NAME = AccentColor;
				CODE_SIGN_ENTITLEMENTS = NYTimes/NYTimes.entitlements;
				CODE_SIGN_STYLE = Automatic;
				CURRENT_PROJECT_VERSION = 1;
				DEVELOPMENT_TEAM = PBKV4LY323;
				ENABLE_PREVIEWS = YES;
				GENERATE_INFOPLIST_FILE = YES;
				INFOPLIST_FILE = "$(SRCROOT)/Info.plist";
				INFOPLIST_KEY_CFBundleDisplayName = News;
				"INFOPLIST_KEY_UIApplicationSceneManifest_Generation[sdk=iphoneos*]" = YES;
				"INFOPLIST_KEY_UIApplicationSceneManifest_Generation[sdk=iphonesimulator*]" = YES;
				"INFOPLIST_KEY_UIApplicationSupportsIndirectInputEvents[sdk=iphoneos*]" = YES;
				"INFOPLIST_KEY_UIApplicationSupportsIndirectInputEvents[sdk=iphonesimulator*]" = YES;
				"INFOPLIST_KEY_UILaunchScreen_Generation[sdk=iphoneos*]" = YES;
				"INFOPLIST_KEY_UILaunchScreen_Generation[sdk=iphonesimulator*]" = YES;
				"INFOPLIST_KEY_UIStatusBarStyle[sdk=iphoneos*]" = UIStatusBarStyleDefault;
				"INFOPLIST_KEY_UIStatusBarStyle[sdk=iphonesimulator*]" = UIStatusBarStyleDefault;
				INFOPLIST_KEY_UISupportedInterfaceOrientations_iPad = "UIInterfaceOrientationPortrait UIInterfaceOrientationPortraitUpsideDown UIInterfaceOrientationLandscapeLeft UIInterfaceOrientationLandscapeRight";
				INFOPLIST_KEY_UISupportedInterfaceOrientations_iPhone = "UIInterfaceOrientationPortrait UIInterfaceOrientationLandscapeLeft UIInterfaceOrientationLandscapeRight";
				IPHONEOS_DEPLOYMENT_TARGET = 17.6;
				LD_RUNPATH_SEARCH_PATHS = "@executable_path/Frameworks";
				"LD_RUNPATH_SEARCH_PATHS[sdk=macosx*]" = "@executable_path/../Frameworks";
				MACOSX_DEPLOYMENT_TARGET = 15.3;
				MARKETING_VERSION = 1.0;
				PRODUCT_BUNDLE_IDENTIFIER = NYTimes.NYTimes;
				PRODUCT_NAME = "$(TARGET_NAME)";
				REGISTER_APP_GROUPS = YES;
				SDKROOT = auto;
				SUPPORTED_PLATFORMS = "iphoneos iphonesimulator macosx xros xrsimulator";
				SWIFT_EMIT_LOC_STRINGS = YES;
				SWIFT_VERSION = 5.0;
				TARGETED_DEVICE_FAMILY = "1,2,7";
				XROS_DEPLOYMENT_TARGET = 2.4;
			};
			name = Release;
		};
		205212C02DE7A568009E5FA7 /* Debug */ = {
			isa = XCBuildConfiguration;
			buildSettings = {
				BUNDLE_LOADER = "$(TEST_HOST)";
				CODE_SIGN_STYLE = Automatic;
				CURRENT_PROJECT_VERSION = 1;
				DEVELOPMENT_TEAM = PBKV4LY323;
				GENERATE_INFOPLIST_FILE = YES;
				IPHONEOS_DEPLOYMENT_TARGET = 17.6;
				MACOSX_DEPLOYMENT_TARGET = 15.3;
				MARKETING_VERSION = 1.0;
				PRODUCT_BUNDLE_IDENTIFIER = NYTimes.NYTimesTests;
				PRODUCT_NAME = "$(TARGET_NAME)";
				SDKROOT = auto;
				SUPPORTED_PLATFORMS = "iphoneos iphonesimulator macosx xros xrsimulator";
				SWIFT_EMIT_LOC_STRINGS = NO;
				SWIFT_VERSION = 5.0;
				TARGETED_DEVICE_FAMILY = "1,2,7";
				TEST_HOST = "$(BUILT_PRODUCTS_DIR)/NYTimes.app/$(BUNDLE_EXECUTABLE_FOLDER_PATH)/NYTimes";
				XROS_DEPLOYMENT_TARGET = 2.4;
			};
			name = Debug;
		};
		205212C12DE7A568009E5FA7 /* Release */ = {
			isa = XCBuildConfiguration;
			buildSettings = {
				BUNDLE_LOADER = "$(TEST_HOST)";
				CODE_SIGN_STYLE = Automatic;
				CURRENT_PROJECT_VERSION = 1;
				DEVELOPMENT_TEAM = PBKV4LY323;
				GENERATE_INFOPLIST_FILE = YES;
				IPHONEOS_DEPLOYMENT_TARGET = 17.6;
				MACOSX_DEPLOYMENT_TARGET = 15.3;
				MARKETING_VERSION = 1.0;
				PRODUCT_BUNDLE_IDENTIFIER = NYTimes.NYTimesTests;
				PRODUCT_NAME = "$(TARGET_NAME)";
				SDKROOT = auto;
				SUPPORTED_PLATFORMS = "iphoneos iphonesimulator macosx xros xrsimulator";
				SWIFT_EMIT_LOC_STRINGS = NO;
				SWIFT_VERSION = 5.0;
				TARGETED_DEVICE_FAMILY = "1,2,7";
				TEST_HOST = "$(BUILT_PRODUCTS_DIR)/NYTimes.app/$(BUNDLE_EXECUTABLE_FOLDER_PATH)/NYTimes";
				XROS_DEPLOYMENT_TARGET = 2.4;
			};
			name = Release;
		};
		205212C32DE7A568009E5FA7 /* Debug */ = {
			isa = XCBuildConfiguration;
			buildSettings = {
				CODE_SIGN_STYLE = Automatic;
				CURRENT_PROJECT_VERSION = 1;
				DEVELOPMENT_TEAM = PBKV4LY323;
				GENERATE_INFOPLIST_FILE = YES;
				IPHONEOS_DEPLOYMENT_TARGET = 17.6;
				MACOSX_DEPLOYMENT_TARGET = 15.3;
				MARKETING_VERSION = 1.0;
				PRODUCT_BUNDLE_IDENTIFIER = NYTimes.NYTimesUITests;
				PRODUCT_NAME = "$(TARGET_NAME)";
				SDKROOT = auto;
				SUPPORTED_PLATFORMS = "iphoneos iphonesimulator macosx xros xrsimulator";
				SWIFT_EMIT_LOC_STRINGS = NO;
				SWIFT_VERSION = 5.0;
				TARGETED_DEVICE_FAMILY = "1,2,7";
				TEST_TARGET_NAME = NYTimes;
				XROS_DEPLOYMENT_TARGET = 2.4;
			};
			name = Debug;
		};
		205212C42DE7A568009E5FA7 /* Release */ = {
			isa = XCBuildConfiguration;
			buildSettings = {
				CODE_SIGN_STYLE = Automatic;
				CURRENT_PROJECT_VERSION = 1;
				DEVELOPMENT_TEAM = PBKV4LY323;
				GENERATE_INFOPLIST_FILE = YES;
				IPHONEOS_DEPLOYMENT_TARGET = 17.6;
				MACOSX_DEPLOYMENT_TARGET = 15.3;
				MARKETING_VERSION = 1.0;
				PRODUCT_BUNDLE_IDENTIFIER = NYTimes.NYTimesUITests;
				PRODUCT_NAME = "$(TARGET_NAME)";
				SDKROOT = auto;
				SUPPORTED_PLATFORMS = "iphoneos iphonesimulator macosx xros xrsimulator";
				SWIFT_EMIT_LOC_STRINGS = NO;
				SWIFT_VERSION = 5.0;
				TARGETED_DEVICE_FAMILY = "1,2,7";
				TEST_TARGET_NAME = NYTimes;
				XROS_DEPLOYMENT_TARGET = 2.4;
			};
			name = Release;
		};
		207810CA2DFCE49D0086123C /* Debug */ = {
			isa = XCBuildConfiguration;
			buildSettings = {
				ASSETCATALOG_COMPILER_GLOBAL_ACCENT_COLOR_NAME = AccentColor;
				ASSETCATALOG_COMPILER_WIDGET_BACKGROUND_COLOR_NAME = WidgetBackground;
				CODE_SIGN_ENTITLEMENTS = NYTimesWidgetExtension.entitlements;
				CODE_SIGN_STYLE = Automatic;
				CURRENT_PROJECT_VERSION = 1;
				DEVELOPMENT_TEAM = PBKV4LY323;
				GENERATE_INFOPLIST_FILE = YES;
				INFOPLIST_FILE = NYTimesWidget/Info.plist;
				INFOPLIST_KEY_CFBundleDisplayName = NYTimesWidget;
				INFOPLIST_KEY_NSHumanReadableCopyright = "";
				IPHONEOS_DEPLOYMENT_TARGET = 17.6;
				LD_RUNPATH_SEARCH_PATHS = (
					"$(inherited)",
					"@executable_path/Frameworks",
					"@executable_path/../../Frameworks",
				);
				MARKETING_VERSION = 1.0;
				PRODUCT_BUNDLE_IDENTIFIER = NYTimes.NYTimes.NYTimesWidget;
				PRODUCT_NAME = "$(TARGET_NAME)";
				SDKROOT = iphoneos;
				SKIP_INSTALL = YES;
				SWIFT_EMIT_LOC_STRINGS = YES;
				SWIFT_VERSION = 5.0;
				TARGETED_DEVICE_FAMILY = "1,2";
			};
			name = Debug;
		};
		207810CB2DFCE49D0086123C /* Release */ = {
			isa = XCBuildConfiguration;
			buildSettings = {
				ASSETCATALOG_COMPILER_GLOBAL_ACCENT_COLOR_NAME = AccentColor;
				ASSETCATALOG_COMPILER_WIDGET_BACKGROUND_COLOR_NAME = WidgetBackground;
				CODE_SIGN_ENTITLEMENTS = NYTimesWidgetExtension.entitlements;
				CODE_SIGN_STYLE = Automatic;
				CURRENT_PROJECT_VERSION = 1;
				DEVELOPMENT_TEAM = PBKV4LY323;
				GENERATE_INFOPLIST_FILE = YES;
				INFOPLIST_FILE = NYTimesWidget/Info.plist;
				INFOPLIST_KEY_CFBundleDisplayName = NYTimesWidget;
				INFOPLIST_KEY_NSHumanReadableCopyright = "";
				IPHONEOS_DEPLOYMENT_TARGET = 17.6;
				LD_RUNPATH_SEARCH_PATHS = (
					"$(inherited)",
					"@executable_path/Frameworks",
					"@executable_path/../../Frameworks",
				);
				MARKETING_VERSION = 1.0;
				PRODUCT_BUNDLE_IDENTIFIER = NYTimes.NYTimes.NYTimesWidget;
				PRODUCT_NAME = "$(TARGET_NAME)";
				SDKROOT = iphoneos;
				SKIP_INSTALL = YES;
				SWIFT_EMIT_LOC_STRINGS = YES;
				SWIFT_VERSION = 5.0;
				TARGETED_DEVICE_FAMILY = "1,2";
				VALIDATE_PRODUCT = YES;
			};
			name = Release;
		};
/* End XCBuildConfiguration section */

/* Begin XCConfigurationList section */
		205212952DE7A567009E5FA7 /* Build configuration list for PBXProject "NYTimes" */ = {
			isa = XCConfigurationList;
			buildConfigurations = (
				205212BA2DE7A568009E5FA7 /* Debug */,
				205212BB2DE7A568009E5FA7 /* Release */,
			);
			defaultConfigurationIsVisible = 0;
			defaultConfigurationName = Release;
		};
		205212BC2DE7A568009E5FA7 /* Build configuration list for PBXNativeTarget "NYTimes" */ = {
			isa = XCConfigurationList;
			buildConfigurations = (
				205212BD2DE7A568009E5FA7 /* Debug */,
				205212BE2DE7A568009E5FA7 /* Release */,
			);
			defaultConfigurationIsVisible = 0;
			defaultConfigurationName = Release;
		};
		205212BF2DE7A568009E5FA7 /* Build configuration list for PBXNativeTarget "NYTimesTests" */ = {
			isa = XCConfigurationList;
			buildConfigurations = (
				205212C02DE7A568009E5FA7 /* Debug */,
				205212C12DE7A568009E5FA7 /* Release */,
			);
			defaultConfigurationIsVisible = 0;
			defaultConfigurationName = Release;
		};
		205212C22DE7A568009E5FA7 /* Build configuration list for PBXNativeTarget "NYTimesUITests" */ = {
			isa = XCConfigurationList;
			buildConfigurations = (
				205212C32DE7A568009E5FA7 /* Debug */,
				205212C42DE7A568009E5FA7 /* Release */,
			);
			defaultConfigurationIsVisible = 0;
			defaultConfigurationName = Release;
		};
		207810CC2DFCE49D0086123C /* Build configuration list for PBXNativeTarget "NYTimesWidgetExtension" */ = {
			isa = XCConfigurationList;
			buildConfigurations = (
				207810CA2DFCE49D0086123C /* Debug */,
				207810CB2DFCE49D0086123C /* Release */,
			);
			defaultConfigurationIsVisible = 0;
			defaultConfigurationName = Release;
		};
/* End XCConfigurationList section */

/* Begin XCRemoteSwiftPackageReference section */
		205212FF2DE9EAF5009E5FA7 /* XCRemoteSwiftPackageReference "realm-swift" */ = {
			isa = XCRemoteSwiftPackageReference;
			repositoryURL = "https://github.com/realm/realm-swift";
			requirement = {
				branch = master;
				kind = branch;
			};
		};
/* End XCRemoteSwiftPackageReference section */

/* Begin XCSwiftPackageProductDependency section */
		205213092DE9EB9D009E5FA7 /* RealmSwift */ = {
			isa = XCSwiftPackageProductDependency;
			package = 205212FF2DE9EAF5009E5FA7 /* XCRemoteSwiftPackageReference "realm-swift" */;
			productName = RealmSwift;
		};
		207810D22DFCF1560086123C /* RealmSwift */ = {
			isa = XCSwiftPackageProductDependency;
			package = 205212FF2DE9EAF5009E5FA7 /* XCRemoteSwiftPackageReference "realm-swift" */;
			productName = RealmSwift;
		};
/* End XCSwiftPackageProductDependency section */
	};
	rootObject = 205212922DE7A567009E5FA7 /* Project object */;
}
